
Microsoft Visual Studio Solution File, Format Version 12.00
# Visual Studio Version 17
VisualStudioVersion = 17.1.32319.34
MinimumVisualStudioVersion = 10.0.40219.1
Project("{2150E333-8FDC-42A3-9474-1A3956D46DE8}") = "src", "src", "{E4A481FA-D982-4486-A551-ED36585D7B77}"
EndProject
Project("{F2A71F9B-5D33-465A-A702-920D77279786}") = "NvmFs", "src\NvmFs\NvmFs.fsproj", "{7F67BAFE-4CD4-4A8D-BF06-7EA9CBCB4C19}"
EndProject
Global
	GlobalSection(SolutionProperties) = preSolution
		HideSolutionNode = FALSE
	EndGlobalSection
	GlobalSection(ExtensibilityGlobals) = postSolution
		SolutionGuid = {40DB1E49-3F86-44EF-B599-485828E88ED4}
	EndGlobalSection
	GlobalSection(SolutionConfigurationPlatforms) = preSolution
		Debug|Any CPU = Debug|Any CPU
		Debug|x64 = Debug|x64
		Debug|x86 = Debug|x86
		Release|Any CPU = Release|Any CPU
		Release|x64 = Release|x64
		Release|x86 = Release|x86
	EndGlobalSection
	GlobalSection(ProjectConfigurationPlatforms) = postSolution
		{7F67BAFE-4CD4-4A8D-BF06-7EA9CBCB4C19}.Debug|Any CPU.ActiveCfg = Debug|Any CPU
		{7F67BAFE-4CD4-4A8D-BF06-7EA9CBCB4C19}.Debug|Any CPU.Build.0 = Debug|Any CPU
		{7F67BAFE-4CD4-4A8D-BF06-7EA9CBCB4C19}.Debug|x64.ActiveCfg = Debug|Any CPU
		{7F67BAFE-4CD4-4A8D-BF06-7EA9CBCB4C19}.Debug|x64.Build.0 = Debug|Any CPU
		{7F67BAFE-4CD4-4A8D-BF06-7EA9CBCB4C19}.Debug|x86.ActiveCfg = Debug|Any CPU
		{7F67BAFE-4CD4-4A8D-BF06-7EA9CBCB4C19}.Debug|x86.Build.0 = Debug|Any CPU
		{7F67BAFE-4CD4-4A8D-BF06-7EA9CBCB4C19}.Release|Any CPU.ActiveCfg = Release|Any CPU
		{7F67BAFE-4CD4-4A8D-BF06-7EA9CBCB4C19}.Release|Any CPU.Build.0 = Release|Any CPU
		{7F67BAFE-4CD4-4A8D-BF06-7EA9CBCB4C19}.Release|x64.ActiveCfg = Release|Any CPU
		{7F67BAFE-4CD4-4A8D-BF06-7EA9CBCB4C19}.Release|x64.Build.0 = Release|Any CPU
		{7F67BAFE-4CD4-4A8D-BF06-7EA9CBCB4C19}.Release|x86.ActiveCfg = Release|Any CPU
		{7F67BAFE-4CD4-4A8D-BF06-7EA9CBCB4C19}.Release|x86.Build.0 = Release|Any CPU
	EndGlobalSection
	GlobalSection(NestedProjects) = preSolution
		{7F67BAFE-4CD4-4A8D-BF06-7EA9CBCB4C19} = {E4A481FA-D982-4486-A551-ED36585D7B77}
	EndGlobalSection
EndGlobal
